
Microsoft Visual Studio Solution File, Format Version 12.00
Project("{FAE04EC0-301F-11D3-BF4B-00C04F79EFBC}") = "RgadaDownloader", "RgadaDownloader.csproj", "{438A0BC2-C8FE-475F-9A59-45AD6F087496}"
EndProject
Global
	GlobalSection(SolutionConfigurationPlatforms) = preSolution
		Debug|Any CPU = Debug|Any CPU
		Release|Any CPU = Release|Any CPU
	EndGlobalSection
	GlobalSection(ProjectConfigurationPlatforms) = postSolution
		{438A0BC2-C8FE-475F-9A59-45AD6F087496}.Debug|Any CPU.ActiveCfg = Debug|Any CPU
		{438A0BC2-C8FE-475F-9A59-45AD6F087496}.Debug|Any CPU.Build.0 = Debug|Any CPU
		{438A0BC2-C8FE-475F-9A59-45AD6F087496}.Release|Any CPU.ActiveCfg = Release|Any CPU
		{438A0BC2-C8FE-475F-9A59-45AD6F087496}.Release|Any CPU.Build.0 = Release|Any CPU
	EndGlobalSection
EndGlobal
